
Microsoft Visual Studio Solution File, Format Version 12.00
# Visual Studio 14
VisualStudioVersion = 14.0.23107.0
MinimumVisualStudioVersion = 10.0.40219.1
Project("{FAE04EC0-301F-11D3-BF4B-00C04F79EFBC}") = "QuartzNET-DynamoDB", "QuartzNET-DynamoDB\QuartzNET-DynamoDB.csproj", "{0834342B-7512-487B-829B-572F140655E8}"
EndProject
Project("{FAE04EC0-301F-11D3-BF4B-00C04F79EFBC}") = "QuartzNET-DynamoDB.Tests", "QuartzNET-DynamoDB.Tests\QuartzNET-DynamoDB.Tests.csproj", "{3F207083-D3A7-4784-ADD4-6EB05671CE68}"
EndProject
Project("{2150E333-8FDC-42A3-9474-1A3956D46DE8}") = "Solution Items", "Solution Items", "{2122F086-E5F1-4E8F-BE5D-8D07FC34BEB2}"
	ProjectSection(SolutionItems) = preProject
		travis.yml = travis.yml
		VersionInfo.cs = VersionInfo.cs
	EndProjectSection
EndProject
Global
	GlobalSection(SolutionConfigurationPlatforms) = preSolution
		Debug|Any CPU = Debug|Any CPU
		Release|Any CPU = Release|Any CPU
	EndGlobalSection
	GlobalSection(ProjectConfigurationPlatforms) = postSolution
		{0834342B-7512-487B-829B-572F140655E8}.Debug|Any CPU.ActiveCfg = Debug|Any CPU
		{0834342B-7512-487B-829B-572F140655E8}.Debug|Any CPU.Build.0 = Debug|Any CPU
		{0834342B-7512-487B-829B-572F140655E8}.Release|Any CPU.ActiveCfg = Release|Any CPU
		{0834342B-7512-487B-829B-572F140655E8}.Release|Any CPU.Build.0 = Release|Any CPU
		{3F207083-D3A7-4784-ADD4-6EB05671CE68}.Debug|Any CPU.ActiveCfg = Debug|Any CPU
		{3F207083-D3A7-4784-ADD4-6EB05671CE68}.Debug|Any CPU.Build.0 = Debug|Any CPU
		{3F207083-D3A7-4784-ADD4-6EB05671CE68}.Release|Any CPU.ActiveCfg = Release|Any CPU
		{3F207083-D3A7-4784-ADD4-6EB05671CE68}.Release|Any CPU.Build.0 = Release|Any CPU
	EndGlobalSection
	GlobalSection(SolutionProperties) = preSolution
		HideSolutionNode = FALSE
	EndGlobalSection
EndGlobal
